# PROD-VERIFIER-02E worker dependency lock (HASH_LOCKED)
# Platform: Windows x86_64 / CPython 3.12.14
# Baseline source: NEW_ACCEPTANCE (real model acceptance run 02E)
# Install contract:
#   python -m pip install --no-index --find-links <this-wheels-dir> --require-hashes -r requirements-verifier-win-py312.lock
# Indexes used at lock time:
#   https://download.pytorch.org/whl/cpu
#   https://pypi.org/simple

torch==2.13.0+cpu --hash=sha256:a8b450c1e58e5800e5b4691dac412f8d2d65a1dc3298166f91596603a3531e6f
transformers==4.57.6 --hash=sha256:4c9e9de11333ddfe5114bc872c9f370509198acf0b87a832a0ab9458e2bd0550
numpy==2.5.2 --hash=sha256:28ac63476ec7651484215ee7fa15a1f78b57c14621f01e392afe17b9a1390ce4
huggingface_hub==0.36.2 --hash=sha256:48f0c8eac16145dfce371e9d2d7772854a4f591bcb56c9cf548accf531d54270
tokenizers==0.22.2 --hash=sha256:c9ea31edff2968b44a88f97d784c2f16dc0729b8b143ed004699ebca91f05c48
safetensors==0.8.0 --hash=sha256:096ec1a98435df7beb08853bb5aa9081a84f23d0adc67ed1a0a10550f608373f
fsspec==2026.7.0 --hash=sha256:b57ddbafedfaef7018c1ecab32aa200a9d7ca26b77965f64e48b70061249d279
networkx==3.6.1 --hash=sha256:d47fbf302e7d9cbbb9e2555a0d267983d2aa476bac30e90dfbe5669bd57f3762
packaging==26.3 --hash=sha256:d7193f7c8e4e93f444fde0262bf90af30e16fa0ad0ad44cb553c87339b23cd1c
PyYAML==6.0.3 --hash=sha256:5fcd34e47f6e0b794d17de1b4ff496c00986e1c83f7ab2fb8fcfe9616ff7477b
regex==2026.7.19 --hash=sha256:e30d40268a28d54ce0437031750497004c22602b8e3ab891f759b795a003b312
setuptools==84.0.0 --hash=sha256:51a52592b3b99e102b609654876bd65f19f999935166d1352678931132b0c670
sympy==1.14.0 --hash=sha256:e091cc3e99d2141a0ba2847328f5479b05d94a6635cb96148ccb3f34671bd8f5
tqdm==4.70.0 --hash=sha256:7f585706bfddbdebf89daac705b2dfcc16890130727d3197ca62c732b4310953
typing_extensions==4.16.0 --hash=sha256:481caa481374e813c1b176ada14e97f1f67a4539ce9cfeb3f350d78d6370c2e8
filelock==3.32.4 --hash=sha256:22e58ca3b1ae3b98993b762d7338367ae64fe50252bf78d59da3bfebcdf1cedd
Jinja2==3.1.6 --hash=sha256:85ece4451f492d0c13c5dd7c13a64681a86afae63a5f347908daf103ce6d2f67
requests==2.34.2 --hash=sha256:2a0d60c172f83ac6ab31e4554906c0f3b3588d37b5cb939b1c061f4907e278e0
certifi==2026.7.22 --hash=sha256:62f22742b58a1a33014a2b6b706588a8d7e2a88ae7bd1a6ebe8c992928483775
charset-normalizer==3.5.1 --hash=sha256:3617ac3cfd8b9888f145ad89dd6e692285834b0201c6074a5eeaad3fd4d668c2
idna==3.19 --hash=sha256:815e7be7a7806d54abb586dc943addc79e8b2ee16915059658cbeff4b1b43bf4
MarkupSafe==3.0.3 --hash=sha256:26a5784ded40c9e318cfc2bdb30fe164bdb8665ded9cd64d500a34fb42067b1c
mpmath==1.3.0 --hash=sha256:a0b2b9fe80bbcd81a6647ff13108738cfb482d481d826cc0e02f5b35e5c88d2c
urllib3==2.7.0 --hash=sha256:9fb4c81ebbb1ce9531cce37674bbc6f1360472bc18ca9a553ede278ef7276897
colorama==0.4.6 --hash=sha256:4f1d9991f5acc0ca119f9d443620b77f9d6b33703e51011c16baf57afb285fc6
